// !$*UTF8*$!
{
	archiveVersion = 1;
	classes = {
	};
	objectVersion = 46;
	objects = {

/* Begin PBXBuildFile section */
		A92AC3F61A57CBE40071EEEB /* main.m in Sources */ = {isa = PBXBuildFile; fileRef = A92AC3F51A57CBE40071EEEB /* main.m */; };
		A92AC3F91A57CBE40071EEEB /* AppDelegate.m in Sources */ = {isa = PBXBuildFile; fileRef = A92AC3F81A57CBE40071EEEB /* AppDelegate.m */; };
		A92AC3FC1A57CBE40071EEEB /* ViewController.m in Sources */ = {isa = PBXBuildFile; fileRef = A92AC3FB1A57CBE40071EEEB /* ViewController.m */; };
		A92AC3FF1A57CBE40071EEEB /* Main.storyboard in Resources */ = {isa = PBXBuildFile; fileRef = A92AC3FD1A57CBE40071EEEB /* Main.storyboard */; };
		A92AC4011A57CBE40071EEEB /* Images.xcassets in Resources */ = {isa = PBXBuildFile; fileRef = A92AC4001A57CBE40071EEEB /* Images.xcassets */; };
		A92AC4041A57CBE40071EEEB /* LaunchScreen.xib in Resources */ = {isa = PBXBuildFile; fileRef = A92AC4021A57CBE40071EEEB /* LaunchScreen.xib */; };
		A92AC4101A57CBE40071EEEB /* Second_ApplicationTests.m in Sources */ = {isa = PBXBuildFile; fileRef = A92AC40F1A57CBE40071EEEB /* Second_ApplicationTests.m */; };
/* End PBXBuildFile section */

/* Begin PBXContainerItemProxy section */
		A92AC40A1A57CBE40071EEEB /* PBXContainerItemProxy */ = {
			isa = PBXContainerItemProxy;
			containerPortal = A92AC3E81A57CBE40071EEEB /* Project object */;
			proxyType = 1;
			remoteGlobalIDString = A92AC3EF1A57CBE40071EEEB;
			remoteInfo = "Second Application";
		};
/* End PBXContainerItemProxy section */

/* Begin PBXFileReference section */
		A92AC3F01A57CBE40071EEEB /* Second Application.app */ = {isa = PBXFileReference; explicitFileType = wrapper.application; includeInIndex = 0; path = "Second Application.app"; sourceTree = BUILT_PRODUCTS_DIR; };
		A92AC3F41A57CBE40071EEEB /* Info.plist */ = {isa = PBXFileReference; lastKnownFileType = text.plist.xml; path = Info.plist; sourceTree = "<group>"; };
		A92AC3F51A57CBE40071EEEB /* main.m */ = {isa = PBXFileReference; lastKnownFileType = sourcecode.c.objc; path = main.m; sourceTree = "<group>"; };
		A92AC3F71A57CBE40071EEEB /* AppDelegate.h */ = {isa = PBXFileReference; lastKnownFileType = sourcecode.c.h; path = AppDelegate.h; sourceTree = "<group>"; };
		A92AC3F81A57CBE40071EEEB /* AppDelegate.m */ = {isa = PBXFileReference; lastKnownFileType = sourcecode.c.objc; path = AppDelegate.m; sourceTree = "<group>"; };
		A92AC3FA1A57CBE40071EEEB /* ViewController.h */ = {isa = PBXFileReference; lastKnownFileType = sourcecode.c.h; path = ViewController.h; sourceTree = "<group>"; };
		A92AC3FB1A57CBE40071EEEB /* ViewController.m */ = {isa = PBXFileReference; lastKnownFileType = sourcecode.c.objc; path = ViewController.m; sourceTree = "<group>"; };
		A92AC3FE1A57CBE40071EEEB /* Base */ = {isa = PBXFileReference; lastKnownFileType = file.storyboard; name = Base; path = Base.lproj/Main.storyboard; sourceTree = "<group>"; };
		A92AC4001A57CBE40071EEEB /* Images.xcassets */ = {isa = PBXFileReference; lastKnownFileType = folder.assetcatalog; path = Images.xcassets; sourceTree = "<group>"; };
		A92AC4031A57CBE40071EEEB /* Base */ = {isa = PBXFileReference; lastKnownFileType = file.xib; name = Base; path = Base.lproj/LaunchScreen.xib; sourceTree = "<group>"; };
		A92AC4091A57CBE40071EEEB /* Second ApplicationTests.xctest */ = {isa = PBXFileReference; explicitFileType = wrapper.cfbundle; includeInIndex = 0; path = "Second ApplicationTests.xctest"; sourceTree = BUILT_PRODUCTS_DIR; };
		A92AC40E1A57CBE40071EEEB /* Info.plist */ = {isa = PBXFileReference; lastKnownFileType = text.plist.xml; path = Info.plist; sourceTree = "<group>"; };
		A92AC40F1A57CBE40071EEEB /* Second_ApplicationTests.m */ = {isa = PBXFileReference; lastKnownFileType = sourcecode.c.objc; path = Second_ApplicationTests.m; sourceTree = "<group>"; };
/* End PBXFileReference section */

/* Begin PBXFrameworksBuildPhase section */
		A92AC3ED1A57CBE40071EEEB /* Frameworks */ = {
			isa = PBXFrameworksBuildPhase;
			buildActionMask = 2147483647;
			files = (
			);
			runOnlyForDeploymentPostprocessing = 0;
		};
		A92AC4061A57CBE40071EEEB /* Frameworks */ = {
			isa = PBXFrameworksBuildPhase;
			buildActionMask = 2147483647;
			files = (
			);
			runOnlyForDeploymentPostprocessing = 0;
		};
/* End PBXFrameworksBuildPhase section */

/* Begin PBXGroup section */
		A92AC3E71A57CBE40071EEEB = {
			isa = PBXGroup;
			children = (
				A92AC3F21A57CBE40071EEEB /* Second Application */,
				A92AC40C1A57CBE40071EEEB /* Second ApplicationTests */,
				A92AC3F11A57CBE40071EEEB /* Products */,
			);
			sourceTree = "<group>";
		};
		A92AC3F11A57CBE40071EEEB /* Products */ = {
			isa = PBXGroup;
			children = (
				A92AC3F01A57CBE40071EEEB /* Second Application.app */,
				A92AC4091A57CBE40071EEEB /* Second ApplicationTests.xctest */,
			);
			name = Products;
			sourceTree = "<group>";
		};
		A92AC3F21A57CBE40071EEEB /* Second Application */ = {
			isa = PBXGroup;
			children = (
				A92AC3F71A57CBE40071EEEB /* AppDelegate.h */,
				A92AC3F81A57CBE40071EEEB /* AppDelegate.m */,
				A92AC3FA1A57CBE40071EEEB /* ViewController.h */,
				A92AC3FB1A57CBE40071EEEB /* ViewController.m */,
				A92AC3FD1A57CBE40071EEEB /* Main.storyboard */,
				A92AC4001A57CBE40071EEEB /* Images.xcassets */,
				A92AC4021A57CBE40071EEEB /* LaunchScreen.xib */,
				A92AC3F31A57CBE40071EEEB /* Supporting Files */,
			);
			path = "Second Application";
			sourceTree = "<group>";
		};
		A92AC3F31A57CBE40071EEEB /* Supporting Files */ = {
			isa = PBXGroup;
			children = (
				A92AC3F41A57CBE40071EEEB /* Info.plist */,
				A92AC3F51A57CBE40071EEEB /* main.m */,
			);
			name = "Supporting Files";
			sourceTree = "<group>";
		};
		A92AC40C1A57CBE40071EEEB /* Second ApplicationTests */ = {
			isa = PBXGroup;
			children = (
				A92AC40F1A57CBE40071EEEB /* Second_ApplicationTests.m */,
				A92AC40D1A57CBE40071EEEB /* Supporting Files */,
			);
			path = "Second ApplicationTests";
			sourceTree = "<group>";
		};
		A92AC40D1A57CBE40071EEEB /* Supporting Files */ = {
			isa = PBXGroup;
			children = (
				A92AC40E1A57CBE40071EEEB /* Info.plist */,
			);
			name = "Supporting Files";
			sourceTree = "<group>";
		};
/* End PBXGroup section */

/* Begin PBXNativeTarget section */
		A92AC3EF1A57CBE40071EEEB /* Second Application */ = {
			isa = PBXNativeTarget;
			buildConfigurationList = A92AC4131A57CBE40071EEEB /* Build configuration list for PBXNativeTarget "Second Application" */;
			buildPhases = (
				A92AC3EC1A57CBE40071EEEB /* Sources */,
				A92AC3ED1A57CBE40071EEEB /* Frameworks */,
				A92AC3EE1A57CBE40071EEEB /* Resources */,
			);
			buildRules = (
			);
			dependencies = (
			);
			name = "Second Application";
			productName = "Second Application";
			productReference = A92AC3F01A57CBE40071EEEB /* Second Application.app */;
			productType = "com.apple.product-type.application";
		};
		A92AC4081A57CBE40071EEEB /* Second ApplicationTests */ = {
			isa = PBXNativeTarget;
			buildConfigurationList = A92AC4161A57CBE40071EEEB /* Build configuration list for PBXNativeTarget "Second ApplicationTests" */;
			buildPhases = (
				A92AC4051A57CBE40071EEEB /* Sources */,
				A92AC4061A57CBE40071EEEB /* Frameworks */,
				A92AC4071A57CBE40071EEEB /* Resources */,
			);
			buildRules = (
			);
			dependencies = (
				A92AC40B1A57CBE40071EEEB /* PBXTargetDependency */,
			);
			name = "Second ApplicationTests";
			productName = "Second ApplicationTests";
			productReference = A92AC4091A57CBE40071EEEB /* Second ApplicationTests.xctest */;
			productType = "com.apple.product-type.bundle.unit-test";
		};
/* End PBXNativeTarget section */

/* Begin PBXProject section */
		A92AC3E81A57CBE40071EEEB /* Project object */ = {
			isa = PBXProject;
			attributes = {
				LastUpgradeCheck = 0610;
				ORGANIZATIONNAME = "Daesung Kim";
				TargetAttributes = {
					A92AC3EF1A57CBE40071EEEB = {
						CreatedOnToolsVersion = 6.1.1;
					};
					A92AC4081A57CBE40071EEEB = {
						CreatedOnToolsVersion = 6.1.1;
						TestTargetID = A92AC3EF1A57CBE40071EEEB;
					};
				};
			};
			buildConfigurationList = A92AC3EB1A57CBE40071EEEB /* Build configuration list for PBXProject "Second Application" */;
			compatibilityVersion = "Xcode 3.2";
			developmentRegion = English;
			hasScannedForEncodings = 0;
			knownRegions = (
				en,
				Base,
			);
			mainGroup = A92AC3E71A57CBE40071EEEB;
			productRefGroup = A92AC3F11A57CBE40071EEEB /* Products */;
			projectDirPath = "";
			projectRoot = "";
			targets = (
				A92AC3EF1A57CBE40071EEEB /* Second Application */,
				A92AC4081A57CBE40071EEEB /* Second ApplicationTests */,
			);
		};
/* End PBXProject section */

/* Begin PBXResourcesBuildPhase section */
		A92AC3EE1A57CBE40071EEEB /* Resources */ = {
			isa = PBXResourcesBuildPhase;
			buildActionMask = 2147483647;
			files = (
				A92AC3FF1A57CBE40071EEEB /* Main.storyboard in Resources */,
				A92AC4041A57CBE40071EEEB /* LaunchScreen.xib in Resources */,
				A92AC4011A57CBE40071EEEB /* Images.xcassets in Resources */,
			);
			runOnlyForDeploymentPostprocessing = 0;
		};
		A92AC4071A57CBE40071EEEB /* Resources */ = {
			isa = PBXResourcesBuildPhase;
			buildActionMask = 2147483647;
			files = (
			);
			runOnlyForDeploymentPostprocessing = 0;
		};
/* End PBXResourcesBuildPhase section */

/* Begin PBXSourcesBuildPhase section */
		A92AC3EC1A57CBE40071EEEB /* Sources */ = {
			isa = PBXSourcesBuildPhase;
			buildActionMask = 2147483647;
			files = (
				A92AC3FC1A57CBE40071EEEB /* ViewController.m in Sources */,
				A92AC3F91A57CBE40071EEEB /* AppDelegate.m in Sources */,
				A92AC3F61A57CBE40071EEEB /* main.m in Sources */,
			);
			runOnlyForDeploymentPostprocessing = 0;
		};
		A92AC4051A57CBE40071EEEB /* Sources */ = {
			isa = PBXSourcesBuildPhase;
			buildActionMask = 2147483647;
			files = (
				A92AC4101A57CBE40071EEEB /* Second_ApplicationTests.m in Sources */,
			);
			runOnlyForDeploymentPostprocessing = 0;
		};
/* End PBXSourcesBuildPhase section */

/* Begin PBXTargetDependency section */
		A92AC40B1A57CBE40071EEEB /* PBXTargetDependency */ = {
			isa = PBXTargetDependency;
			target = A92AC3EF1A57CBE40071EEEB /* Second Application */;
			targetProxy = A92AC40A1A57CBE40071EEEB /* PBXContainerItemProxy */;
		};
/* End PBXTargetDependency section */

/* Begin PBXVariantGroup section */
		A92AC3FD1A57CBE40071EEEB /* Main.storyboard */ = {
			isa = PBXVariantGroup;
			children = (
				A92AC3FE1A57CBE40071EEEB /* Base */,
			);
			name = Main.storyboard;
			sourceTree = "<group>";
		};
		A92AC4021A57CBE40071EEEB /* LaunchScreen.xib */ = {
			isa = PBXVariantGroup;
			children = (
				A92AC4031A57CBE40071EEEB /* Base */,
			);
			name = LaunchScreen.xib;
			sourceTree = "<group>";
		};
/* End PBXVariantGroup section */

/* Begin XCBuildConfiguration section */
		A92AC4111A57CBE40071EEEB /* Debug */ = {
			isa = XCBuildConfiguration;
			buildSettings = {
				ALWAYS_SEARCH_USER_PATHS = NO;
				CLANG_CXX_LANGUAGE_STANDARD = "gnu++0x";
				CLANG_CXX_LIBRARY = "libc++";
				CLANG_ENABLE_MODULES = YES;
				CLANG_ENABLE_OBJC_ARC = YES;
				CLANG_WARN_BOOL_CONVERSION = YES;
				CLANG_WARN_CONSTANT_CONVERSION = YES;
				CLANG_WARN_DIRECT_OBJC_ISA_USAGE = YES_ERROR;
				CLANG_WARN_EMPTY_BODY = YES;
				CLANG_WARN_ENUM_CONVERSION = YES;
				CLANG_WARN_INT_CONVERSION = YES;
				CLANG_WARN_OBJC_ROOT_CLASS = YES_ERROR;
				CLANG_WARN_UNREACHABLE_CODE = YES;
				CLANG_WARN__DUPLICATE_METHOD_MATCH = YES;
				"CODE_SIGN_IDENTITY[sdk=iphoneos*]" = "iPhone Developer";
				COPY_PHASE_STRIP = NO;
				ENABLE_STRICT_OBJC_MSGSEND = YES;
				GCC_C_LANGUAGE_STANDARD = gnu99;
				GCC_DYNAMIC_NO_PIC = NO;
				GCC_OPTIMIZATION_LEVEL = 0;
				GCC_PREPROCESSOR_DEFINITIONS = (
					"DEBUG=1",
					"$(inherited)",
				);
				GCC_SYMBOLS_PRIVATE_EXTERN = NO;
				GCC_WARN_64_TO_32_BIT_CONVERSION = YES;
				GCC_WARN_ABOUT_RETURN_TYPE = YES_ERROR;
				GCC_WARN_UNDECLARED_SELECTOR = YES;
				GCC_WARN_UNINITIALIZED_AUTOS = YES_AGGRESSIVE;
				GCC_WARN_UNUSED_FUNCTION = YES;
				GCC_WARN_UNUSED_VARIABLE = YES;
				IPHONEOS_DEPLOYMENT_TARGET = 8.1;
				MTL_ENABLE_DEBUG_INFO = YES;
				ONLY_ACTIVE_ARCH = YES;
				SDKROOT = iphoneos;
			};
			name = Debug;
		};
		A92AC4121A57CBE40071EEEB /* Release */ = {
			isa = XCBuildConfiguration;
			buildSettings = {
				ALWAYS_SEARCH_USER_PATHS = NO;
				CLANG_CXX_LANGUAGE_STANDARD = "gnu++0x";
				CLANG_CXX_LIBRARY = "libc++";
				CLANG_ENABLE_MODULES = YES;
				CLANG_ENABLE_OBJC_ARC = YES;
				CLANG_WARN_BOOL_CONVERSION = YES;
				CLANG_WARN_CONSTANT_CONVERSION = YES;
				CLANG_WARN_DIRECT_OBJC_ISA_USAGE = YES_ERROR;
				CLANG_WARN_EMPTY_BODY = YES;
				CLANG_WARN_ENUM_CONVERSION = YES;
				CLANG_WARN_INT_CONVERSION = YES;
				CLANG_WARN_OBJC_ROOT_CLASS = YES_ERROR;
				CLANG_WARN_UNREACHABLE_CODE = YES;
				CLANG_WARN__DUPLICATE_METHOD_MATCH = YES;
				"CODE_SIGN_IDENTITY[sdk=iphoneos*]" = "iPhone Developer";
				COPY_PHASE_STRIP = YES;
				ENABLE_NS_ASSERTIONS = NO;
				ENABLE_STRICT_OBJC_MSGSEND = YES;
				GCC_C_LANGUAGE_STANDARD = gnu99;
				GCC_WARN_64_TO_32_BIT_CONVERSION = YES;
				GCC_WARN_ABOUT_RETURN_TYPE = YES_ERROR;
				GCC_WARN_UNDECLARED_SELECTOR = YES;
				GCC_WARN_UNINITIALIZED_AUTOS = YES_AGGRESSIVE;
				GCC_WARN_UNUSED_FUNCTION = YES;
				GCC_WARN_UNUSED_VARIABLE = YES;
				IPHONEOS_DEPLOYMENT_TARGET = 8.1;
				MTL_ENABLE_DEBUG_INFO = NO;
				SDKROOT = iphoneos;
				VALIDATE_PRODUCT = YES;
			};
			name = Release;
		};
		A92AC4141A57CBE40071EEEB /* Debug */ = {
			isa = XCBuildConfiguration;
			buildSettings = {
				ASSETCATALOG_COMPILER_APPICON_NAME = AppIcon;
				INFOPLIST_FILE = "Second Application/Info.plist";
				LD_RUNPATH_SEARCH_PATHS = "$(inherited) @executable_path/Frameworks";
				PRODUCT_NAME = "$(TARGET_NAME)";
			};
			name = Debug;
		};
		A92AC4151A57CBE40071EEEB /* Release */ = {
			isa = XCBuildConfiguration;
			buildSettings = {
				ASSETCATALOG_COMPILER_APPICON_NAME = AppIcon;
				INFOPLIST_FILE = "Second Application/Info.plist";
				LD_RUNPATH_SEARCH_PATHS = "$(inherited) @executable_path/Frameworks";
				PRODUCT_NAME = "$(TARGET_NAME)";
			};
			name = Release;
		};
		A92AC4171A57CBE40071EEEB /* Debug */ = {
			isa = XCBuildConfiguration;
			buildSettings = {
				BUNDLE_LOADER = "$(TEST_HOST)";
				FRAMEWORK_SEARCH_PATHS = (
					"$(SDKROOT)/Developer/Library/Frameworks",
					"$(inherited)",
				);
				GCC_PREPROCESSOR_DEFINITIONS = (
					"DEBUG=1",
					"$(inherited)",
				);
				INFOPLIST_FILE = "Second ApplicationTests/Info.plist";
				LD_RUNPATH_SEARCH_PATHS = "$(inherited) @executable_path/Frameworks @loader_path/Frameworks";
				PRODUCT_NAME = "$(TARGET_NAME)";
				TEST_HOST = "$(BUILT_PRODUCTS_DIR)/Second Application.app/Second Application";
			};
			name = Debug;
		};
		A92AC4181A57CBE40071EEEB /* Release */ = {
			isa = XCBuildConfiguration;
			buildSettings = {
				BUNDLE_LOADER = "$(TEST_HOST)";
				FRAMEWORK_SEARCH_PATHS = (
					"$(SDKROOT)/Developer/Library/Frameworks",
					"$(inherited)",
				);
				INFOPLIST_FILE = "Second ApplicationTests/Info.plist";
				LD_RUNPATH_SEARCH_PATHS = "$(inherited) @executable_path/Frameworks @loader_path/Frameworks";
				PRODUCT_NAME = "$(TARGET_NAME)";
				TEST_HOST = "$(BUILT_PRODUCTS_DIR)/Second Application.app/Second Application";
			};
			name = Release;
		};
/* End XCBuildConfiguration section */

/* Begin XCConfigurationList section */
		A92AC3EB1A57CBE40071EEEB /* Build configuration list for PBXProject "Second Application" */ = {
			isa = XCConfigurationList;
			buildConfigurations = (
				A92AC4111A57CBE40071EEEB /* Debug */,
				A92AC4121A57CBE40071EEEB /* Release */,
			);
			defaultConfigurationIsVisible = 0;
			defaultConfigurationName = Release;
		};
		A92AC4131A57CBE40071EEEB /* Build configuration list for PBXNativeTarget "Second Application" */ = {
			isa = XCConfigurationList;
			buildConfigurations = (
				A92AC4141A57CBE40071EEEB /* Debug */,
				A92AC4151A57CBE40071EEEB /* Release */,
			);
			defaultConfigurationIsVisible = 0;
		};
		A92AC4161A57CBE40071EEEB /* Build configuration list for PBXNativeTarget "Second ApplicationTests" */ = {
			isa = XCConfigurationList;
			buildConfigurations = (
				A92AC4171A57CBE40071EEEB /* Debug */,
				A92AC4181A57CBE40071EEEB /* Release */,
			);
			defaultConfigurationIsVisible = 0;
		};
/* End XCConfigurationList section */
	};
	rootObject = A92AC3E81A57CBE40071EEEB /* Project object */;
}
